
Microsoft Visual Studio Solution File, Format Version 12.00
# Visual Studio Version 17
VisualStudioVersion = 17.3.32819.101
MinimumVisualStudioVersion = 10.0.40219.1
Project("{FAE04EC0-301F-11D3-BF4B-00C04F79EFBC}") = "BasicPrograms", "BasicPrograms.csproj", "{A2E08E7E-3315-4B23-A3D3-67EB5907ED7C}"
EndProject
Global
	GlobalSection(SolutionConfigurationPlatforms) = preSolution
		Debug|Any CPU = Debug|Any CPU
		Release|Any CPU = Release|Any CPU
	EndGlobalSection
	GlobalSection(ProjectConfigurationPlatforms) = postSolution
		{A2E08E7E-3315-4B23-A3D3-67EB5907ED7C}.Debug|Any CPU.ActiveCfg = Debug|Any CPU
		{A2E08E7E-3315-4B23-A3D3-67EB5907ED7C}.Debug|Any CPU.Build.0 = Debug|Any CPU
		{A2E08E7E-3315-4B23-A3D3-67EB5907ED7C}.Release|Any CPU.ActiveCfg = Release|Any CPU
		{A2E08E7E-3315-4B23-A3D3-67EB5907ED7C}.Release|Any CPU.Build.0 = Release|Any CPU
	EndGlobalSection
	GlobalSection(SolutionProperties) = preSolution
		HideSolutionNode = FALSE
	EndGlobalSection
	GlobalSection(ExtensibilityGlobals) = postSolution
		SolutionGuid = {AD3F2FC7-AB4E-40F3-9458-463887769621}
	EndGlobalSection
EndGlobal
